%{"connection": {:hex, :connection, "1.0.4", "a1cae72211f0eef17705aaededacac3eb30e6625b04a6117c1b2db6ace7d5976", [:mix], []},
  "db_connection": {:hex, :db_connection, "1.0.0-rc.5", "1d9ab6e01387bdf2de7a16c56866971f7c2f75aea7c69cae2a0346e4b537ae0d", [:mix], [{:connection, "~> 1.0.2", [hex: :connection, optional: false]}, {:poolboy, "~> 1.5", [hex: :poolboy, optional: true]}, {:sbroker, "~> 1.0.0-beta.3", [hex: :sbroker, optional: true]}]},
  "decimal": {:hex, :decimal, "1.1.2", "79a769d4657b2d537b51ef3c02d29ab7141d2b486b516c109642d453ee08e00c", [:mix], []},
  "ecto": {:hex, :ecto, "2.0.4", "03fd3b9aa508b1383eb38c00ac389953ed22af53811aa2e504975a3e814a8d97", [:mix], [{:db_connection, "~> 1.0-rc.2", [hex: :db_connection, optional: true]}, {:decimal, "~> 1.0", [hex: :decimal, optional: false]}, {:mariaex, "~> 0.7.7", [hex: :mariaex, optional: true]}, {:poison, "~> 1.5 or ~> 2.0", [hex: :poison, optional: true]}, {:poolboy, "~> 1.5", [hex: :poolboy, optional: false]}, {:postgrex, "~> 0.11.2", [hex: :postgrex, optional: true]}, {:sbroker, "~> 1.0-beta", [hex: :sbroker, optional: true]}]},
  "mariaex": {:hex, :mariaex, "0.7.7", "620a636ec2276c3fa031ac528039fc9d2bf7992e050e37a56b3c796511e94d6d", [:mix], [{:db_connection, "~> 1.0.0-rc", [hex: :db_connection, optional: false]}, {:decimal, "~> 1.0", [hex: :decimal, optional: false]}]},
  "poolboy": {:hex, :poolboy, "1.5.1", "6b46163901cfd0a1b43d692657ed9d7e599853b3b21b95ae5ae0a777cf9b6ca8", [:rebar], []},
  "prometheus": {:hex, :prometheus, "2.0.0", "edb2f0faaef52ecb23c46e95ebc71d9a9f43664867461297526405c4eff41c31", [:rebar3], []},
  "prometheus_ex": {:hex, :prometheus_ex, "0.0.1", "d4402f09b7f3a9f0d9f2033be90218e1472a031e82e3e459533a32cb50f73884", [:mix], [{:prometheus, "~> 2.0", [hex: :prometheus, optional: false]}]}}
